<?xml version="1.0" encoding="UTF-8" standalone="yes" ?>
<CodeBlocks_project_file>
	<FileVersion major="1" minor="6" />
	<Project>
		<Option title="Bubisoft_net" />
		<Option pch_mode="2" />
		<Option compiler="gcc" />
		<Build>
			<Target title="Debug">
				<Option output="bin/Debug/Bubisoft_net" prefix_auto="1" extension_auto="1" />
				<Option object_output="obj/Debug/" />
				<Option type="1" />
				<Option compiler="gcc" />
				<Compiler>
					<Add option="-g" />
				</Compiler>
			</Target>
			<Target title="Release">
				<Option output="bin/Release/Bubisoft_net" prefix_auto="1" extension_auto="1" />
				<Option object_output="obj/Release/" />
				<Option type="1" />
				<Option compiler="gcc" />
				<Compiler>
					<Add option="-O2" />
				</Compiler>
				<Linker>
					<Add option="-s" />
				</Linker>
			</Target>
		</Build>
		<Compiler>
			<Add option="-Wall" />
			<Add option="-std=c++14" />
			<Add option="-fexceptions" />
			<Add directory="C:/Lacika/programok/Haladó_c++/SDL2-2.0.10/i686-w64-mingw32/include/SDL2" />
			<Add directory="C:/Lacika/programok/Haladó_c++/SDL2_net-2.0.1/i686-w64-mingw32/include/SDL2" />
		</Compiler>
		<Linker>
			<Add option="-lmingw32 -lSDL2main -lSDL2 -lSDL2_net" />
			<Add directory="C:/Lacika/programok/Haladó_c++/SDL2-2.0.10/i686-w64-mingw32/lib" />
			<Add directory="C:/Lacika/programok/Haladó_c++/SDL2_net-2.0.1/i686-w64-mingw32/lib" />
		</Linker>
		<Unit filename="Bubi_client.cpp" />
		<Unit filename="Bubi_client.h" />
		<Unit filename="Bubi_exceptions.h" />
		<Unit filename="Bubi_package.h" />
		<Unit filename="Bubi_server.h" />
		<Unit filename="Bubisoft_Net.cpp" />
		<Unit filename="Bubisoft_Net.hpp" />
		<Unit filename="main.cpp" />
		<Extensions>
			<code_completion />
			<envvars />
			<debugger />
		</Extensions>
	</Project>
</CodeBlocks_project_file>
